
Microsoft Visual Studio Solution File, Format Version 12.00
# Visual Studio 14
VisualStudioVersion = 14.0.23107.0
MinimumVisualStudioVersion = 10.0.40219.1
Project("{FAE04EC0-301F-11D3-BF4B-00C04F79EFBC}") = "easygram", "WindowsFormsApplication1\easygram.csproj", "{72E440E7-A497-4D98-9108-CF9ACD9B027C}"
EndProject
Project("{54435603-DBB4-11D2-8724-00A0C9A8B90C}") = "EASYGRAM_SETUP", "EASYGRAM_SETUP\EASYGRAM_SETUP.vdproj", "{5287459F-251E-4BF6-94CF-4AE991B6EBD0}"
EndProject
Global
	GlobalSection(SolutionConfigurationPlatforms) = preSolution
		Debug|Any CPU = Debug|Any CPU
		Release|Any CPU = Release|Any CPU
	EndGlobalSection
	GlobalSection(ProjectConfigurationPlatforms) = postSolution
		{72E440E7-A497-4D98-9108-CF9ACD9B027C}.Debug|Any CPU.ActiveCfg = Debug|Any CPU
		{72E440E7-A497-4D98-9108-CF9ACD9B027C}.Debug|Any CPU.Build.0 = Debug|Any CPU
		{72E440E7-A497-4D98-9108-CF9ACD9B027C}.Release|Any CPU.ActiveCfg = Release|Any CPU
		{72E440E7-A497-4D98-9108-CF9ACD9B027C}.Release|Any CPU.Build.0 = Release|Any CPU
		{5287459F-251E-4BF6-94CF-4AE991B6EBD0}.Debug|Any CPU.ActiveCfg = Debug
		{5287459F-251E-4BF6-94CF-4AE991B6EBD0}.Release|Any CPU.ActiveCfg = Release
	EndGlobalSection
	GlobalSection(SolutionProperties) = preSolution
		HideSolutionNode = FALSE
	EndGlobalSection
	GlobalSection(SolutionConfigurationPlatforms) = preSolution
		Debug|Any CPU = Debug|Any CPU
		Release|Any CPU = Release|Any CPU
	EndGlobalSection
EndGlobal
